{
  "nodes": {
    "flake-utils": {
      "locked": {
        "narHash": "sha256-dummy",
        "type": "github",
        "owner": "numtide",
        "repo": "flake-utils"
      }
    },
    "nixpkgs": {
      "locked": {
        "narHash": "sha256-dummy",
        "type": "github",
        "owner": "NixOS",
        "repo": "nixpkgs"
      }
    },
    "rust-overlay": {
      "locked": {
        "narHash": "sha256-dummy",
        "type": "github",
        "owner": "oxalica",
        "repo": "rust-overlay"
      }
    },
    "root": {
      "inputs": {
        "nixpkgs": "nixpkgs",
        "flake-utils": "flake-utils",
        "rust-overlay": "rust-overlay"
      }
    }
  },
  "root": "root",
  "version": 7
}
